
Microsoft Visual Studio Solution File, Format Version 12.00
# Visual Studio 15
VisualStudioVersion = 15.0.28307.106
MinimumVisualStudioVersion = 10.0.40219.1
Project("{FAE04EC0-301F-11D3-BF4B-00C04F79EFBC}") = "GameOfLife.Library", "GameOfLife.Library\GameOfLife.Library.csproj", "{11D5334B-CDCA-450C-A9D0-9006A5C1EFC8}"
EndProject
Project("{FAE04EC0-301F-11D3-BF4B-00C04F79EFBC}") = "GameOfLife.WPF", "GameOfLife.WPF\GameOfLife.WPF.csproj", "{2467D340-EF1F-4A7C-94DC-6D999586AF17}"
EndProject
Project("{FAE04EC0-301F-11D3-BF4B-00C04F79EFBC}") = "GameOfLife.CUI", "GameOfLife.CUI\GameOfLife.CUI.csproj", "{A9523301-41CA-4823-A1BF-3887EB2BC105}"
EndProject
Project("{FAE04EC0-301F-11D3-BF4B-00C04F79EFBC}") = "GameOfLife.WPF.BoardModule", "GameOfLife.WPF.BoardModule\GameOfLife.WPF.BoardModule.csproj", "{5792BCE6-6298-468B-8504-0A9C331BA03C}"
EndProject
Project("{2150E333-8FDC-42A3-9474-1A3956D46DE8}") = "WPF", "WPF", "{EF86DC4E-3A49-401D-B5A9-341988674FCF}"
EndProject
Global
	GlobalSection(SolutionConfigurationPlatforms) = preSolution
		Debug|Any CPU = Debug|Any CPU
		Release|Any CPU = Release|Any CPU
	EndGlobalSection
	GlobalSection(ProjectConfigurationPlatforms) = postSolution
		{11D5334B-CDCA-450C-A9D0-9006A5C1EFC8}.Debug|Any CPU.ActiveCfg = Debug|Any CPU
		{11D5334B-CDCA-450C-A9D0-9006A5C1EFC8}.Debug|Any CPU.Build.0 = Debug|Any CPU
		{11D5334B-CDCA-450C-A9D0-9006A5C1EFC8}.Release|Any CPU.ActiveCfg = Release|Any CPU
		{11D5334B-CDCA-450C-A9D0-9006A5C1EFC8}.Release|Any CPU.Build.0 = Release|Any CPU
		{2467D340-EF1F-4A7C-94DC-6D999586AF17}.Debug|Any CPU.ActiveCfg = Debug|Any CPU
		{2467D340-EF1F-4A7C-94DC-6D999586AF17}.Debug|Any CPU.Build.0 = Debug|Any CPU
		{2467D340-EF1F-4A7C-94DC-6D999586AF17}.Release|Any CPU.ActiveCfg = Release|Any CPU
		{2467D340-EF1F-4A7C-94DC-6D999586AF17}.Release|Any CPU.Build.0 = Release|Any CPU
		{A9523301-41CA-4823-A1BF-3887EB2BC105}.Debug|Any CPU.ActiveCfg = Debug|Any CPU
		{A9523301-41CA-4823-A1BF-3887EB2BC105}.Debug|Any CPU.Build.0 = Debug|Any CPU
		{A9523301-41CA-4823-A1BF-3887EB2BC105}.Release|Any CPU.ActiveCfg = Release|Any CPU
		{A9523301-41CA-4823-A1BF-3887EB2BC105}.Release|Any CPU.Build.0 = Release|Any CPU
		{5792BCE6-6298-468B-8504-0A9C331BA03C}.Debug|Any CPU.ActiveCfg = Debug|Any CPU
		{5792BCE6-6298-468B-8504-0A9C331BA03C}.Debug|Any CPU.Build.0 = Debug|Any CPU
		{5792BCE6-6298-468B-8504-0A9C331BA03C}.Release|Any CPU.ActiveCfg = Release|Any CPU
		{5792BCE6-6298-468B-8504-0A9C331BA03C}.Release|Any CPU.Build.0 = Release|Any CPU
	EndGlobalSection
	GlobalSection(SolutionProperties) = preSolution
		HideSolutionNode = FALSE
	EndGlobalSection
	GlobalSection(NestedProjects) = preSolution
		{2467D340-EF1F-4A7C-94DC-6D999586AF17} = {EF86DC4E-3A49-401D-B5A9-341988674FCF}
		{5792BCE6-6298-468B-8504-0A9C331BA03C} = {EF86DC4E-3A49-401D-B5A9-341988674FCF}
	EndGlobalSection
	GlobalSection(ExtensibilityGlobals) = postSolution
		SolutionGuid = {BB1A1643-B931-41A9-8FC6-77892A375088}
	EndGlobalSection
EndGlobal
